
Microsoft Visual Studio Solution File, Format Version 12.00
# Visual Studio 15
VisualStudioVersion = 15.0.28010.2046
MinimumVisualStudioVersion = 10.0.40219.1
Project("{FAE04EC0-301F-11D3-BF4B-00C04F79EFBC}") = "SampleAPi", "SampleAPi\SampleAPi.csproj", "{1160951D-F7A4-43F1-BAA6-227CCB29CEB5}"
EndProject
Global
	GlobalSection(SolutionConfigurationPlatforms) = preSolution
		Debug|Any CPU = Debug|Any CPU
		Release|Any CPU = Release|Any CPU
	EndGlobalSection
	GlobalSection(ProjectConfigurationPlatforms) = postSolution
		{1160951D-F7A4-43F1-BAA6-227CCB29CEB5}.Debug|Any CPU.ActiveCfg = Debug|Any CPU
		{1160951D-F7A4-43F1-BAA6-227CCB29CEB5}.Debug|Any CPU.Build.0 = Debug|Any CPU
		{1160951D-F7A4-43F1-BAA6-227CCB29CEB5}.Release|Any CPU.ActiveCfg = Release|Any CPU
		{1160951D-F7A4-43F1-BAA6-227CCB29CEB5}.Release|Any CPU.Build.0 = Release|Any CPU
	EndGlobalSection
	GlobalSection(SolutionProperties) = preSolution
		HideSolutionNode = FALSE
	EndGlobalSection
	GlobalSection(ExtensibilityGlobals) = postSolution
		SolutionGuid = {14CA891E-C484-4065-8AB6-EA89E7027EB3}
	EndGlobalSection
EndGlobal
